
Microsoft Visual Studio Solution File, Format Version 12.00
# Visual Studio Version 17
VisualStudioVersion = 17.8.34330.188
MinimumVisualStudioVersion = 10.0.40219.1
Project("{FAE04EC0-301F-11D3-BF4B-00C04F79EFBC}") = "HandsOnExceptions", "HandsOnExceptions\HandsOnExceptions.csproj", "{F65EBBBE-6CEC-4344-9737-379626302744}"
EndProject
Global
	GlobalSection(SolutionConfigurationPlatforms) = preSolution
		Debug|Any CPU = Debug|Any CPU
		Release|Any CPU = Release|Any CPU
	EndGlobalSection
	GlobalSection(ProjectConfigurationPlatforms) = postSolution
		{F65EBBBE-6CEC-4344-9737-379626302744}.Debug|Any CPU.ActiveCfg = Debug|Any CPU
		{F65EBBBE-6CEC-4344-9737-379626302744}.Debug|Any CPU.Build.0 = Debug|Any CPU
		{F65EBBBE-6CEC-4344-9737-379626302744}.Release|Any CPU.ActiveCfg = Release|Any CPU
		{F65EBBBE-6CEC-4344-9737-379626302744}.Release|Any CPU.Build.0 = Release|Any CPU
	EndGlobalSection
	GlobalSection(SolutionProperties) = preSolution
		HideSolutionNode = FALSE
	EndGlobalSection
	GlobalSection(ExtensibilityGlobals) = postSolution
		SolutionGuid = {AA45ACB0-BAB4-45FC-8AF3-C31B3A9EB7DD}
	EndGlobalSection
EndGlobal
